
Microsoft Visual Studio Solution File, Format Version 12.00
# Visual Studio Version 17
VisualStudioVersion = 17.2.32616.157
MinimumVisualStudioVersion = 10.0.40219.1
Project("{FAE04EC0-301F-11D3-BF4B-00C04F79EFBC}") = "Chapter1_DuckSimulator", "DuckSimulator\Chapter1_DuckSimulator.csproj", "{4240F754-2350-49FD-8AC5-ECAB4C0A00EA}"
EndProject
Global
	GlobalSection(SolutionConfigurationPlatforms) = preSolution
		Debug|Any CPU = Debug|Any CPU
		Release|Any CPU = Release|Any CPU
	EndGlobalSection
	GlobalSection(ProjectConfigurationPlatforms) = postSolution
		{4240F754-2350-49FD-8AC5-ECAB4C0A00EA}.Debug|Any CPU.ActiveCfg = Debug|Any CPU
		{4240F754-2350-49FD-8AC5-ECAB4C0A00EA}.Debug|Any CPU.Build.0 = Debug|Any CPU
		{4240F754-2350-49FD-8AC5-ECAB4C0A00EA}.Release|Any CPU.ActiveCfg = Release|Any CPU
		{4240F754-2350-49FD-8AC5-ECAB4C0A00EA}.Release|Any CPU.Build.0 = Release|Any CPU
	EndGlobalSection
	GlobalSection(SolutionProperties) = preSolution
		HideSolutionNode = FALSE
	EndGlobalSection
	GlobalSection(ExtensibilityGlobals) = postSolution
		SolutionGuid = {09B7A1C7-B16C-4D67-81C7-CF8AFC83C666}
	EndGlobalSection
EndGlobal
